
Microsoft Visual Studio Solution File, Format Version 12.00
# Visual Studio Version 17
VisualStudioVersion = 17.10.34916.146
MinimumVisualStudioVersion = 10.0.40219.1
Project("{FAE04EC0-301F-11D3-BF4B-00C04F79EFBC}") = "BlazorAppApi", "BlazorAppApi\BlazorAppApi.csproj", "{BC82F85B-6524-4185-A4D3-D885365BC2F3}"
EndProject
Global
	GlobalSection(SolutionConfigurationPlatforms) = preSolution
		Debug|Any CPU = Debug|Any CPU
		Release|Any CPU = Release|Any CPU
	EndGlobalSection
	GlobalSection(ProjectConfigurationPlatforms) = postSolution
		{BC82F85B-6524-4185-A4D3-D885365BC2F3}.Debug|Any CPU.ActiveCfg = Debug|Any CPU
		{BC82F85B-6524-4185-A4D3-D885365BC2F3}.Debug|Any CPU.Build.0 = Debug|Any CPU
		{BC82F85B-6524-4185-A4D3-D885365BC2F3}.Release|Any CPU.ActiveCfg = Release|Any CPU
		{BC82F85B-6524-4185-A4D3-D885365BC2F3}.Release|Any CPU.Build.0 = Release|Any CPU
	EndGlobalSection
	GlobalSection(SolutionProperties) = preSolution
		HideSolutionNode = FALSE
	EndGlobalSection
	GlobalSection(ExtensibilityGlobals) = postSolution
		SolutionGuid = {4F1FFE9F-EE67-4104-8449-6C5FBDF60B5A}
	EndGlobalSection
EndGlobal
